
Microsoft Visual Studio Solution File, Format Version 12.00
# Visual Studio Version 16
VisualStudioVersion = 16.0.31229.75
MinimumVisualStudioVersion = 10.0.40219.1
Project("{FAE04EC0-301F-11D3-BF4B-00C04F79EFBC}") = "SifreUret", "SifreUret\SifreUret.csproj", "{888BDC3F-2776-42C9-986B-DF42AC7F5D5A}"
EndProject
Global
	GlobalSection(SolutionConfigurationPlatforms) = preSolution
		Debug|Any CPU = Debug|Any CPU
		Release|Any CPU = Release|Any CPU
	EndGlobalSection
	GlobalSection(ProjectConfigurationPlatforms) = postSolution
		{888BDC3F-2776-42C9-986B-DF42AC7F5D5A}.Debug|Any CPU.ActiveCfg = Debug|Any CPU
		{888BDC3F-2776-42C9-986B-DF42AC7F5D5A}.Debug|Any CPU.Build.0 = Debug|Any CPU
		{888BDC3F-2776-42C9-986B-DF42AC7F5D5A}.Release|Any CPU.ActiveCfg = Release|Any CPU
		{888BDC3F-2776-42C9-986B-DF42AC7F5D5A}.Release|Any CPU.Build.0 = Release|Any CPU
	EndGlobalSection
	GlobalSection(SolutionProperties) = preSolution
		HideSolutionNode = FALSE
	EndGlobalSection
	GlobalSection(ExtensibilityGlobals) = postSolution
		SolutionGuid = {F8E88F30-9117-4E3E-915B-7CDA4615BA82}
	EndGlobalSection
EndGlobal
